
Microsoft Visual Studio Solution File, Format Version 12.00
# Visual Studio 15
VisualStudioVersion = 15.0.27004.2002
MinimumVisualStudioVersion = 10.0.40219.1
Project("{F184B08F-C81C-45F6-A57F-5ABD9991F28F}") = "BanglaRadio", "BanglaRadio\BanglaRadio.vbproj", "{49E43129-380D-433E-8669-6D8C6C5D8B4F}"
EndProject
Global
	GlobalSection(SolutionConfigurationPlatforms) = preSolution
		Debug|Any CPU = Debug|Any CPU
		Release|Any CPU = Release|Any CPU
	EndGlobalSection
	GlobalSection(ProjectConfigurationPlatforms) = postSolution
		{49E43129-380D-433E-8669-6D8C6C5D8B4F}.Debug|Any CPU.ActiveCfg = Debug|Any CPU
		{49E43129-380D-433E-8669-6D8C6C5D8B4F}.Debug|Any CPU.Build.0 = Debug|Any CPU
		{49E43129-380D-433E-8669-6D8C6C5D8B4F}.Release|Any CPU.ActiveCfg = Debug|Any CPU
		{49E43129-380D-433E-8669-6D8C6C5D8B4F}.Release|Any CPU.Build.0 = Debug|Any CPU
	EndGlobalSection
	GlobalSection(SolutionProperties) = preSolution
		HideSolutionNode = FALSE
	EndGlobalSection
	GlobalSection(ExtensibilityGlobals) = postSolution
		SolutionGuid = {5E91DB6B-8E6C-4EEE-8176-0427EECE47D5}
	EndGlobalSection
EndGlobal
